<?xml version="1.0" encoding="utf-8"?>
<Project ToolsVersion="4.0" xmlns="http://schemas.microsoft.com/developer/msbuild/2003">
  <ItemGroup>
    <Filter Include="源文件">
      <UniqueIdentifier>{4FC737F1-C7A5-4376-A066-2A32D752A2FF}</UniqueIdentifier>
      <Extensions>cpp;c;cc;cxx;c++;cppm;ixx;def;odl;idl;hpj;bat;asm;asmx</Extensions>
    </Filter>
    <Filter Include="头文件">
      <UniqueIdentifier>{93995380-89BD-4b04-88EB-625FBE52EBFB}</UniqueIdentifier>
      <Extensions>h;hh;hpp;hxx;h++;hm;inl;inc;ipp;xsd</Extensions>
    </Filter>
    <Filter Include="资源文件">
      <UniqueIdentifier>{67DA6AB6-F800-4c08-8B7A-83BB121AAD01}</UniqueIdentifier>
      <Extensions>rc;ico;cur;bmp;dlg;rc2;rct;bin;rgs;gif;jpg;jpeg;jpe;resx;tiff;tif;png;wav;mfcribbon-ms</Extensions>
    </Filter>
    <Filter Include="头文件\manager">
      <UniqueIdentifier>{2002a3d2-72ee-470b-a01b-529ad9ac6fc3}</UniqueIdentifier>
    </Filter>
    <Filter Include="源文件\manager">
      <UniqueIdentifier>{30da6292-30f3-4f17-95e9-b22b3c1097e4}</UniqueIdentifier>
    </Filter>
    <Filter Include="头文件\scene">
      <UniqueIdentifier>{45c3cd3e-a0cb-4e2b-bf8f-b99a9b85eea7}</UniqueIdentifier>
    </Filter>
    <Filter Include="源文件\scene">
      <UniqueIdentifier>{7e1069e3-69f6-4575-9fc9-3b51c99f3b43}</UniqueIdentifier>
    </Filter>
    <Filter Include="头文件\collision">
      <UniqueIdentifier>{583e1528-e132-42e2-916e-e32c99193bc1}</UniqueIdentifier>
    </Filter>
    <Filter Include="头文件\character">
      <UniqueIdentifier>{8d2033a1-461a-4f94-ad7e-c380fcae2312}</UniqueIdentifier>
    </Filter>
    <Filter Include="头文件\FSM">
      <UniqueIdentifier>{0f3beea7-7d2d-4c60-9c5d-5a0b811cdb94}</UniqueIdentifier>
    </Filter>
    <Filter Include="源文件\FSM">
      <UniqueIdentifier>{976a844a-6886-4388-a3b2-920c3af3a77f}</UniqueIdentifier>
    </Filter>
    <Filter Include="源文件\characer">
      <UniqueIdentifier>{c2563314-56aa-4292-9d14-7c3d88545ef7}</UniqueIdentifier>
    </Filter>
    <Filter Include="源文件\characer\plaeyr">
      <UniqueIdentifier>{1f2c236d-f484-46c7-9827-af30122e727d}</UniqueIdentifier>
    </Filter>
    <Filter Include="源文件\characer\enemy">
      <UniqueIdentifier>{b8f7ccef-54e9-4da9-bca7-504471fe941d}</UniqueIdentifier>
    </Filter>
    <Filter Include="头文件\character\enemy">
      <UniqueIdentifier>{6014ed84-7f17-4cea-8f76-1bf40132e8b9}</UniqueIdentifier>
    </Filter>
    <Filter Include="头文件\level">
      <UniqueIdentifier>{7aa8ea56-78ea-4889-a88b-ae377d81292b}</UniqueIdentifier>
    </Filter>
    <Filter Include="头文件\character\item">
      <UniqueIdentifier>{260b2619-718c-47fc-89f2-3f90cfc8f89c}</UniqueIdentifier>
    </Filter>
    <Filter Include="源文件\characer\item">
      <UniqueIdentifier>{b6a42b6e-7e20-4ac2-b6b2-291a38678a1a}</UniqueIdentifier>
    </Filter>
    <Filter Include="头文件\character\player">
      <UniqueIdentifier>{875b8078-a62a-4cf8-9797-d538b143fccf}</UniqueIdentifier>
    </Filter>
  </ItemGroup>
  <ItemGroup>
    <ClCompile Include="main.cpp">
      <Filter>源文件</Filter>
    </ClCompile>
    <ClCompile Include="vector2.h">
      <Filter>头文件</Filter>
    </ClCompile>
    <ClCompile Include="res_mgr.cpp">
      <Filter>源文件\manager</Filter>
    </ClCompile>
    <ClCompile Include="menu_scene.cpp">
      <Filter>源文件\scene</Filter>
    </ClCompile>
    <ClCompile Include="game_over_scene.cpp">
      <Filter>源文件\scene</Filter>
    </ClCompile>
    <ClCompile Include="instruction_scene.cpp">
      <Filter>源文件\scene</Filter>
    </ClCompile>
    <ClCompile Include="collision_mgr.cpp">
      <Filter>源文件\manager</Filter>
    </ClCompile>
    <ClCompile Include="character.cpp">
      <Filter>源文件\characer</Filter>
    </ClCompile>
    <ClCompile Include="camera.cpp">
      <Filter>源文件</Filter>
    </ClCompile>
    <ClCompile Include="player.cpp">
      <Filter>源文件\characer\plaeyr</Filter>
    </ClCompile>
    <ClCompile Include="level_mgr.cpp">
      <Filter>源文件\manager</Filter>
    </ClCompile>
    <ClCompile Include="player_state_node.cpp">
      <Filter>源文件\FSM</Filter>
    </ClCompile>
    <ClCompile Include="game_on_scene.cpp">
      <Filter>源文件\scene</Filter>
    </ClCompile>
    <ClCompile Include="enemy.cpp">
      <Filter>源文件\characer\enemy</Filter>
    </ClCompile>
    <ClCompile Include="enemy_state_node.cpp">
      <Filter>源文件\FSM</Filter>
    </ClCompile>
    <ClCompile Include="item.cpp">
      <Filter>源文件\characer\item</Filter>
    </ClCompile>
    <ClCompile Include="edit_scene.cpp">
      <Filter>源文件\scene</Filter>
    </ClCompile>
  </ItemGroup>
  <ItemGroup>
    <ClInclude Include="util.h">
      <Filter>头文件</Filter>
    </ClInclude>
    <ClInclude Include="timer.h">
      <Filter>头文件</Filter>
    </ClInclude>
    <ClInclude Include="animation.h">
      <Filter>头文件</Filter>
    </ClInclude>
    <ClInclude Include="res_mgr.h">
      <Filter>头文件\manager</Filter>
    </ClInclude>
    <ClInclude Include="scene.h">
      <Filter>头文件\scene</Filter>
    </ClInclude>
    <ClInclude Include="scene_mgr.h">
      <Filter>头文件\manager</Filter>
    </ClInclude>
    <ClInclude Include="menu_scene.h">
      <Filter>头文件\scene</Filter>
    </ClInclude>
    <ClInclude Include="singleton.h">
      <Filter>头文件</Filter>
    </ClInclude>
    <ClInclude Include="game_over_scene.h">
      <Filter>头文件\scene</Filter>
    </ClInclude>
    <ClInclude Include="text.h">
      <Filter>头文件</Filter>
    </ClInclude>
    <ClInclude Include="exit_scene.h">
      <Filter>头文件\scene</Filter>
    </ClInclude>
    <ClInclude Include="collision_layer.h">
      <Filter>头文件\collision</Filter>
    </ClInclude>
    <ClInclude Include="collision_box.h">
      <Filter>头文件\collision</Filter>
    </ClInclude>
    <ClInclude Include="collision_mgr.h">
      <Filter>头文件\manager</Filter>
    </ClInclude>
    <ClInclude Include="character.h">
      <Filter>头文件\character</Filter>
    </ClInclude>
    <ClInclude Include="state_node.h">
      <Filter>头文件\FSM</Filter>
    </ClInclude>
    <ClInclude Include="state_machine.h">
      <Filter>头文件\FSM</Filter>
    </ClInclude>
    <ClInclude Include="camera.h">
      <Filter>头文件</Filter>
    </ClInclude>
    <ClInclude Include="player.h">
      <Filter>头文件\character\player</Filter>
    </ClInclude>
    <ClInclude Include="player_ins.h">
      <Filter>头文件\character\player</Filter>
    </ClInclude>
    <ClInclude Include="level_mgr.h">
      <Filter>头文件\manager</Filter>
    </ClInclude>
    <ClInclude Include="character_name.h">
      <Filter>头文件\character</Filter>
    </ClInclude>
    <ClInclude Include="player_state_node.h">
      <Filter>头文件\FSM</Filter>
    </ClInclude>
    <ClInclude Include="level.h">
      <Filter>头文件\level</Filter>
    </ClInclude>
    <ClInclude Include="level1.h">
      <Filter>头文件\level</Filter>
    </ClInclude>
    <ClInclude Include="instruction_scene.h">
      <Filter>头文件\scene</Filter>
    </ClInclude>
    <ClInclude Include="game_on_scene.h">
      <Filter>头文件\scene</Filter>
    </ClInclude>
    <ClInclude Include="enemy_state_node.h">
      <Filter>头文件\FSM</Filter>
    </ClInclude>
    <ClInclude Include="item_ins.h">
      <Filter>头文件\character\item</Filter>
    </ClInclude>
    <ClInclude Include="item.h">
      <Filter>头文件\character\item</Filter>
    </ClInclude>
    <ClInclude Include="enemy.h">
      <Filter>头文件\character\enemy</Filter>
    </ClInclude>
    <ClInclude Include="enemy_ins.h">
      <Filter>头文件\character\enemy</Filter>
    </ClInclude>
    <ClInclude Include="edit_scene.h">
      <Filter>头文件\scene</Filter>
    </ClInclude>
  </ItemGroup>
  <ItemGroup>
    <None Include="level1.json">
      <Filter>头文件\level</Filter>
    </None>
  </ItemGroup>
</Project>